
Microsoft Visual Studio Solution File, Format Version 12.00
# Visual Studio 14
VisualStudioVersion = 14.0.25420.1
MinimumVisualStudioVersion = 10.0.40219.1
Project("{FAE04EC0-301F-11D3-BF4B-00C04F79EFBC}") = "ToDoCheckList", "ToDoCheckList\ToDoCheckList.csproj", "{06C5732E-3030-45AF-AC91-3D7F50392F83}"
EndProject
Project("{FAE04EC0-301F-11D3-BF4B-00C04F79EFBC}") = "ToDoCheckList.Tests", "ToDoCheckList.Tests\ToDoCheckList.Tests.csproj", "{A1376DC3-002D-4B6E-B122-C4E70254FF2B}"
EndProject
Global
	GlobalSection(SolutionConfigurationPlatforms) = preSolution
		Debug|Any CPU = Debug|Any CPU
		Release|Any CPU = Release|Any CPU
	EndGlobalSection
	GlobalSection(ProjectConfigurationPlatforms) = postSolution
		{06C5732E-3030-45AF-AC91-3D7F50392F83}.Debug|Any CPU.ActiveCfg = Debug|Any CPU
		{06C5732E-3030-45AF-AC91-3D7F50392F83}.Debug|Any CPU.Build.0 = Debug|Any CPU
		{06C5732E-3030-45AF-AC91-3D7F50392F83}.Release|Any CPU.ActiveCfg = Release|Any CPU
		{06C5732E-3030-45AF-AC91-3D7F50392F83}.Release|Any CPU.Build.0 = Release|Any CPU
		{A1376DC3-002D-4B6E-B122-C4E70254FF2B}.Debug|Any CPU.ActiveCfg = Debug|Any CPU
		{A1376DC3-002D-4B6E-B122-C4E70254FF2B}.Debug|Any CPU.Build.0 = Debug|Any CPU
		{A1376DC3-002D-4B6E-B122-C4E70254FF2B}.Release|Any CPU.ActiveCfg = Release|Any CPU
		{A1376DC3-002D-4B6E-B122-C4E70254FF2B}.Release|Any CPU.Build.0 = Release|Any CPU
	EndGlobalSection
	GlobalSection(SolutionProperties) = preSolution
		HideSolutionNode = FALSE
	EndGlobalSection
EndGlobal
